
Microsoft Visual Studio Solution File, Format Version 12.00
# Visual Studio 15
VisualStudioVersion = 15.0.26730.16
MinimumVisualStudioVersion = 10.0.40219.1
Project("{FAE04EC0-301F-11D3-BF4B-00C04F79EFBC}") = "PR1_BtnVisitas.Android", "PR1-BtnVisitas\PR1_BtnVisitas.Android\PR1_BtnVisitas.Android.csproj", "{71D99429-F215-48D3-B27E-C968339D837A}"
EndProject
Project("{FAE04EC0-301F-11D3-BF4B-00C04F79EFBC}") = "PR1_BtnVisitas", "PR1-BtnVisitas\PR1_BtnVisitas\PR1_BtnVisitas.csproj", "{195296B5-506A-4325-B546-F86C509C974D}"
EndProject
Project("{FAE04EC0-301F-11D3-BF4B-00C04F79EFBC}") = "PR1_BtnVisitas.UWP", "PR1-BtnVisitas\PR1_BtnVisitas.UWP\PR1_BtnVisitas.UWP.csproj", "{717062A0-8253-43F7-80DB-2B5B4BB52543}"
EndProject
Project("{FAE04EC0-301F-11D3-BF4B-00C04F79EFBC}") = "PR1_BtnVisitas.iOS", "PR1-BtnVisitas\PR1_BtnVisitas.iOS\PR1_BtnVisitas.iOS.csproj", "{14EAB002-D599-46EF-9C29-12557554FCFF}"
EndProject
Global
	GlobalSection(SolutionConfigurationPlatforms) = preSolution
		Ad-Hoc|Any CPU = Ad-Hoc|Any CPU
		Ad-Hoc|ARM = Ad-Hoc|ARM
		Ad-Hoc|iPhone = Ad-Hoc|iPhone
		Ad-Hoc|iPhoneSimulator = Ad-Hoc|iPhoneSimulator
		Ad-Hoc|x64 = Ad-Hoc|x64
		Ad-Hoc|x86 = Ad-Hoc|x86
		AppStore|Any CPU = AppStore|Any CPU
		AppStore|ARM = AppStore|ARM
		AppStore|iPhone = AppStore|iPhone
		AppStore|iPhoneSimulator = AppStore|iPhoneSimulator
		AppStore|x64 = AppStore|x64
		AppStore|x86 = AppStore|x86
		Debug|Any CPU = Debug|Any CPU
		Debug|ARM = Debug|ARM
		Debug|iPhone = Debug|iPhone
		Debug|iPhoneSimulator = Debug|iPhoneSimulator
		Debug|x64 = Debug|x64
		Debug|x86 = Debug|x86
		Release|Any CPU = Release|Any CPU
		Release|ARM = Release|ARM
		Release|iPhone = Release|iPhone
		Release|iPhoneSimulator = Release|iPhoneSimulator
		Release|x64 = Release|x64
		Release|x86 = Release|x86
	EndGlobalSection
	GlobalSection(ProjectConfigurationPlatforms) = postSolution
		{71D99429-F215-48D3-B27E-C968339D837A}.Ad-Hoc|Any CPU.ActiveCfg = Release|Any CPU
		{71D99429-F215-48D3-B27E-C968339D837A}.Ad-Hoc|Any CPU.Build.0 = Release|Any CPU
		{71D99429-F215-48D3-B27E-C968339D837A}.Ad-Hoc|Any CPU.Deploy.0 = Release|Any CPU
		{71D99429-F215-48D3-B27E-C968339D837A}.Ad-Hoc|ARM.ActiveCfg = Release|Any CPU
		{71D99429-F215-48D3-B27E-C968339D837A}.Ad-Hoc|ARM.Build.0 = Release|Any CPU
		{71D99429-F215-48D3-B27E-C968339D837A}.Ad-Hoc|ARM.Deploy.0 = Release|Any CPU
		{71D99429-F215-48D3-B27E-C968339D837A}.Ad-Hoc|iPhone.ActiveCfg = Release|Any CPU
		{71D99429-F215-48D3-B27E-C968339D837A}.Ad-Hoc|iPhone.Build.0 = Release|Any CPU
		{71D99429-F215-48D3-B27E-C968339D837A}.Ad-Hoc|iPhone.Deploy.0 = Release|Any CPU
		{71D99429-F215-48D3-B27E-C968339D837A}.Ad-Hoc|iPhoneSimulator.ActiveCfg = Release|Any CPU
		{71D99429-F215-48D3-B27E-C968339D837A}.Ad-Hoc|iPhoneSimulator.Build.0 = Release|Any CPU
		{71D99429-F215-48D3-B27E-C968339D837A}.Ad-Hoc|iPhoneSimulator.Deploy.0 = Release|Any CPU
		{71D99429-F215-48D3-B27E-C968339D837A}.Ad-Hoc|x64.ActiveCfg = Release|Any CPU
		{71D99429-F215-48D3-B27E-C968339D837A}.Ad-Hoc|x64.Build.0 = Release|Any CPU
		{71D99429-F215-48D3-B27E-C968339D837A}.Ad-Hoc|x64.Deploy.0 = Release|Any CPU
		{71D99429-F215-48D3-B27E-C968339D837A}.Ad-Hoc|x86.ActiveCfg = Release|Any CPU
		{71D99429-F215-48D3-B27E-C968339D837A}.Ad-Hoc|x86.Build.0 = Release|Any CPU
		{71D99429-F215-48D3-B27E-C968339D837A}.Ad-Hoc|x86.Deploy.0 = Release|Any CPU
		{71D99429-F215-48D3-B27E-C968339D837A}.AppStore|Any CPU.ActiveCfg = Release|Any CPU
		{71D99429-F215-48D3-B27E-C968339D837A}.AppStore|Any CPU.Build.0 = Release|Any CPU
		{71D99429-F215-48D3-B27E-C968339D837A}.AppStore|Any CPU.Deploy.0 = Release|Any CPU
		{71D99429-F215-48D3-B27E-C968339D837A}.AppStore|ARM.ActiveCfg = Release|Any CPU
		{71D99429-F215-48D3-B27E-C968339D837A}.AppStore|ARM.Build.0 = Release|Any CPU
		{71D99429-F215-48D3-B27E-C968339D837A}.AppStore|ARM.Deploy.0 = Release|Any CPU
		{71D99429-F215-48D3-B27E-C968339D837A}.AppStore|iPhone.ActiveCfg = Release|Any CPU
		{71D99429-F215-48D3-B27E-C968339D837A}.AppStore|iPhone.Build.0 = Release|Any CPU
		{71D99429-F215-48D3-B27E-C968339D837A}.AppStore|iPhone.Deploy.0 = Release|Any CPU
		{71D99429-F215-48D3-B27E-C968339D837A}.AppStore|iPhoneSimulator.ActiveCfg = Release|Any CPU
		{71D99429-F215-48D3-B27E-C968339D837A}.AppStore|iPhoneSimulator.Build.0 = Release|Any CPU
		{71D99429-F215-48D3-B27E-C968339D837A}.AppStore|iPhoneSimulator.Deploy.0 = Release|Any CPU
		{71D99429-F215-48D3-B27E-C968339D837A}.AppStore|x64.ActiveCfg = Release|Any CPU
		{71D99429-F215-48D3-B27E-C968339D837A}.AppStore|x64.Build.0 = Release|Any CPU
		{71D99429-F215-48D3-B27E-C968339D837A}.AppStore|x64.Deploy.0 = Release|Any CPU
		{71D99429-F215-48D3-B27E-C968339D837A}.AppStore|x86.ActiveCfg = Release|Any CPU
		{71D99429-F215-48D3-B27E-C968339D837A}.AppStore|x86.Build.0 = Release|Any CPU
		{71D99429-F215-48D3-B27E-C968339D837A}.AppStore|x86.Deploy.0 = Release|Any CPU
		{71D99429-F215-48D3-B27E-C968339D837A}.Debug|Any CPU.ActiveCfg = Debug|Any CPU
		{71D99429-F215-48D3-B27E-C968339D837A}.Debug|Any CPU.Build.0 = Debug|Any CPU
		{71D99429-F215-48D3-B27E-C968339D837A}.Debug|Any CPU.Deploy.0 = Debug|Any CPU
		{71D99429-F215-48D3-B27E-C968339D837A}.Debug|ARM.ActiveCfg = Debug|Any CPU
		{71D99429-F215-48D3-B27E-C968339D837A}.Debug|ARM.Build.0 = Debug|Any CPU
		{71D99429-F215-48D3-B27E-C968339D837A}.Debug|ARM.Deploy.0 = Debug|Any CPU
		{71D99429-F215-48D3-B27E-C968339D837A}.Debug|iPhone.ActiveCfg = Debug|Any CPU
		{71D99429-F215-48D3-B27E-C968339D837A}.Debug|iPhone.Build.0 = Debug|Any CPU
		{71D99429-F215-48D3-B27E-C968339D837A}.Debug|iPhone.Deploy.0 = Debug|Any CPU
		{71D99429-F215-48D3-B27E-C968339D837A}.Debug|iPhoneSimulator.ActiveCfg = Debug|Any CPU
		{71D99429-F215-48D3-B27E-C968339D837A}.Debug|iPhoneSimulator.Build.0 = Debug|Any CPU
		{71D99429-F215-48D3-B27E-C968339D837A}.Debug|iPhoneSimulator.Deploy.0 = Debug|Any CPU
		{71D99429-F215-48D3-B27E-C968339D837A}.Debug|x64.ActiveCfg = Debug|Any CPU
		{71D99429-F215-48D3-B27E-C968339D837A}.Debug|x64.Build.0 = Debug|Any CPU
		{71D99429-F215-48D3-B27E-C968339D837A}.Debug|x64.Deploy.0 = Debug|Any CPU
		{71D99429-F215-48D3-B27E-C968339D837A}.Debug|x86.ActiveCfg = Debug|Any CPU
		{71D99429-F215-48D3-B27E-C968339D837A}.Debug|x86.Build.0 = Debug|Any CPU
		{71D99429-F215-48D3-B27E-C968339D837A}.Debug|x86.Deploy.0 = Debug|Any CPU
		{71D99429-F215-48D3-B27E-C968339D837A}.Release|Any CPU.ActiveCfg = Release|Any CPU
		{71D99429-F215-48D3-B27E-C968339D837A}.Release|Any CPU.Build.0 = Release|Any CPU
		{71D99429-F215-48D3-B27E-C968339D837A}.Release|Any CPU.Deploy.0 = Release|Any CPU
		{71D99429-F215-48D3-B27E-C968339D837A}.Release|ARM.ActiveCfg = Release|Any CPU
		{71D99429-F215-48D3-B27E-C968339D837A}.Release|ARM.Build.0 = Release|Any CPU
		{71D99429-F215-48D3-B27E-C968339D837A}.Release|ARM.Deploy.0 = Release|Any CPU
		{71D99429-F215-48D3-B27E-C968339D837A}.Release|iPhone.ActiveCfg = Release|Any CPU
		{71D99429-F215-48D3-B27E-C968339D837A}.Release|iPhone.Build.0 = Release|Any CPU
		{71D99429-F215-48D3-B27E-C968339D837A}.Release|iPhone.Deploy.0 = Release|Any CPU
		{71D99429-F215-48D3-B27E-C968339D837A}.Release|iPhoneSimulator.ActiveCfg = Release|Any CPU
		{71D99429-F215-48D3-B27E-C968339D837A}.Release|iPhoneSimulator.Build.0 = Release|Any CPU
		{71D99429-F215-48D3-B27E-C968339D837A}.Release|iPhoneSimulator.Deploy.0 = Release|Any CPU
		{71D99429-F215-48D3-B27E-C968339D837A}.Release|x64.ActiveCfg = Release|Any CPU
		{71D99429-F215-48D3-B27E-C968339D837A}.Release|x64.Build.0 = Release|Any CPU
		{71D99429-F215-48D3-B27E-C968339D837A}.Release|x64.Deploy.0 = Release|Any CPU
		{71D99429-F215-48D3-B27E-C968339D837A}.Release|x86.ActiveCfg = Release|Any CPU
		{71D99429-F215-48D3-B27E-C968339D837A}.Release|x86.Build.0 = Release|Any CPU
		{71D99429-F215-48D3-B27E-C968339D837A}.Release|x86.Deploy.0 = Release|Any CPU
		{195296B5-506A-4325-B546-F86C509C974D}.Ad-Hoc|Any CPU.ActiveCfg = Release|Any CPU
		{195296B5-506A-4325-B546-F86C509C974D}.Ad-Hoc|Any CPU.Build.0 = Release|Any CPU
		{195296B5-506A-4325-B546-F86C509C974D}.Ad-Hoc|ARM.ActiveCfg = Release|Any CPU
		{195296B5-506A-4325-B546-F86C509C974D}.Ad-Hoc|ARM.Build.0 = Release|Any CPU
		{195296B5-506A-4325-B546-F86C509C974D}.Ad-Hoc|iPhone.ActiveCfg = Release|Any CPU
		{195296B5-506A-4325-B546-F86C509C974D}.Ad-Hoc|iPhone.Build.0 = Release|Any CPU
		{195296B5-506A-4325-B546-F86C509C974D}.Ad-Hoc|iPhoneSimulator.ActiveCfg = Release|Any CPU
		{195296B5-506A-4325-B546-F86C509C974D}.Ad-Hoc|iPhoneSimulator.Build.0 = Release|Any CPU
		{195296B5-506A-4325-B546-F86C509C974D}.Ad-Hoc|x64.ActiveCfg = Release|Any CPU
		{195296B5-506A-4325-B546-F86C509C974D}.Ad-Hoc|x64.Build.0 = Release|Any CPU
		{195296B5-506A-4325-B546-F86C509C974D}.Ad-Hoc|x86.ActiveCfg = Release|Any CPU
		{195296B5-506A-4325-B546-F86C509C974D}.Ad-Hoc|x86.Build.0 = Release|Any CPU
		{195296B5-506A-4325-B546-F86C509C974D}.AppStore|Any CPU.ActiveCfg = Release|Any CPU
		{195296B5-506A-4325-B546-F86C509C974D}.AppStore|Any CPU.Build.0 = Release|Any CPU
		{195296B5-506A-4325-B546-F86C509C974D}.AppStore|ARM.ActiveCfg = Release|Any CPU
		{195296B5-506A-4325-B546-F86C509C974D}.AppStore|ARM.Build.0 = Release|Any CPU
		{195296B5-506A-4325-B546-F86C509C974D}.AppStore|iPhone.ActiveCfg = Release|Any CPU
		{195296B5-506A-4325-B546-F86C509C974D}.AppStore|iPhone.Build.0 = Release|Any CPU
		{195296B5-506A-4325-B546-F86C509C974D}.AppStore|iPhoneSimulator.ActiveCfg = Release|Any CPU
		{195296B5-506A-4325-B546-F86C509C974D}.AppStore|iPhoneSimulator.Build.0 = Release|Any CPU
		{195296B5-506A-4325-B546-F86C509C974D}.AppStore|x64.ActiveCfg = Release|Any CPU
		{195296B5-506A-4325-B546-F86C509C974D}.AppStore|x64.Build.0 = Release|Any CPU
		{195296B5-506A-4325-B546-F86C509C974D}.AppStore|x86.ActiveCfg = Release|Any CPU
		{195296B5-506A-4325-B546-F86C509C974D}.AppStore|x86.Build.0 = Release|Any CPU
		{195296B5-506A-4325-B546-F86C509C974D}.Debug|Any CPU.ActiveCfg = Debug|Any CPU
		{195296B5-506A-4325-B546-F86C509C974D}.Debug|Any CPU.Build.0 = Debug|Any CPU
		{195296B5-506A-4325-B546-F86C509C974D}.Debug|ARM.ActiveCfg = Debug|Any CPU
		{195296B5-506A-4325-B546-F86C509C974D}.Debug|ARM.Build.0 = Debug|Any CPU
		{195296B5-506A-4325-B546-F86C509C974D}.Debug|iPhone.ActiveCfg = Debug|Any CPU
		{195296B5-506A-4325-B546-F86C509C974D}.Debug|iPhone.Build.0 = Debug|Any CPU
		{195296B5-506A-4325-B546-F86C509C974D}.Debug|iPhoneSimulator.ActiveCfg = Debug|Any CPU
		{195296B5-506A-4325-B546-F86C509C974D}.Debug|iPhoneSimulator.Build.0 = Debug|Any CPU
		{195296B5-506A-4325-B546-F86C509C974D}.Debug|x64.ActiveCfg = Debug|Any CPU
		{195296B5-506A-4325-B546-F86C509C974D}.Debug|x64.Build.0 = Debug|Any CPU
		{195296B5-506A-4325-B546-F86C509C974D}.Debug|x86.ActiveCfg = Debug|Any CPU
		{195296B5-506A-4325-B546-F86C509C974D}.Debug|x86.Build.0 = Debug|Any CPU
		{195296B5-506A-4325-B546-F86C509C974D}.Release|Any CPU.ActiveCfg = Release|Any CPU
		{195296B5-506A-4325-B546-F86C509C974D}.Release|Any CPU.Build.0 = Release|Any CPU
		{195296B5-506A-4325-B546-F86C509C974D}.Release|ARM.ActiveCfg = Release|Any CPU
		{195296B5-506A-4325-B546-F86C509C974D}.Release|ARM.Build.0 = Release|Any CPU
		{195296B5-506A-4325-B546-F86C509C974D}.Release|iPhone.ActiveCfg = Release|Any CPU
		{195296B5-506A-4325-B546-F86C509C974D}.Release|iPhone.Build.0 = Release|Any CPU
		{195296B5-506A-4325-B546-F86C509C974D}.Release|iPhoneSimulator.ActiveCfg = Release|Any CPU
		{195296B5-506A-4325-B546-F86C509C974D}.Release|iPhoneSimulator.Build.0 = Release|Any CPU
		{195296B5-506A-4325-B546-F86C509C974D}.Release|x64.ActiveCfg = Release|Any CPU
		{195296B5-506A-4325-B546-F86C509C974D}.Release|x64.Build.0 = Release|Any CPU
		{195296B5-506A-4325-B546-F86C509C974D}.Release|x86.ActiveCfg = Release|Any CPU
		{195296B5-506A-4325-B546-F86C509C974D}.Release|x86.Build.0 = Release|Any CPU
		{717062A0-8253-43F7-80DB-2B5B4BB52543}.Ad-Hoc|Any CPU.ActiveCfg = Release|x86
		{717062A0-8253-43F7-80DB-2B5B4BB52543}.Ad-Hoc|Any CPU.Build.0 = Release|x86
		{717062A0-8253-43F7-80DB-2B5B4BB52543}.Ad-Hoc|Any CPU.Deploy.0 = Release|x86
		{717062A0-8253-43F7-80DB-2B5B4BB52543}.Ad-Hoc|ARM.ActiveCfg = Release|ARM
		{717062A0-8253-43F7-80DB-2B5B4BB52543}.Ad-Hoc|ARM.Build.0 = Release|ARM
		{717062A0-8253-43F7-80DB-2B5B4BB52543}.Ad-Hoc|ARM.Deploy.0 = Release|ARM
		{717062A0-8253-43F7-80DB-2B5B4BB52543}.Ad-Hoc|iPhone.ActiveCfg = Release|x86
		{717062A0-8253-43F7-80DB-2B5B4BB52543}.Ad-Hoc|iPhone.Build.0 = Release|x86
		{717062A0-8253-43F7-80DB-2B5B4BB52543}.Ad-Hoc|iPhone.Deploy.0 = Release|x86
		{717062A0-8253-43F7-80DB-2B5B4BB52543}.Ad-Hoc|iPhoneSimulator.ActiveCfg = Release|x86
		{717062A0-8253-43F7-80DB-2B5B4BB52543}.Ad-Hoc|iPhoneSimulator.Build.0 = Release|x86
		{717062A0-8253-43F7-80DB-2B5B4BB52543}.Ad-Hoc|iPhoneSimulator.Deploy.0 = Release|x86
		{717062A0-8253-43F7-80DB-2B5B4BB52543}.Ad-Hoc|x64.ActiveCfg = Release|x64
		{717062A0-8253-43F7-80DB-2B5B4BB52543}.Ad-Hoc|x64.Build.0 = Release|x64
		{717062A0-8253-43F7-80DB-2B5B4BB52543}.Ad-Hoc|x64.Deploy.0 = Release|x64
		{717062A0-8253-43F7-80DB-2B5B4BB52543}.Ad-Hoc|x86.ActiveCfg = Release|x86
		{717062A0-8253-43F7-80DB-2B5B4BB52543}.Ad-Hoc|x86.Build.0 = Release|x86
		{717062A0-8253-43F7-80DB-2B5B4BB52543}.Ad-Hoc|x86.Deploy.0 = Release|x86
		{717062A0-8253-43F7-80DB-2B5B4BB52543}.AppStore|Any CPU.ActiveCfg = Release|x86
		{717062A0-8253-43F7-80DB-2B5B4BB52543}.AppStore|Any CPU.Build.0 = Release|x86
		{717062A0-8253-43F7-80DB-2B5B4BB52543}.AppStore|Any CPU.Deploy.0 = Release|x86
		{717062A0-8253-43F7-80DB-2B5B4BB52543}.AppStore|ARM.ActiveCfg = Release|ARM
		{717062A0-8253-43F7-80DB-2B5B4BB52543}.AppStore|ARM.Build.0 = Release|ARM
		{717062A0-8253-43F7-80DB-2B5B4BB52543}.AppStore|ARM.Deploy.0 = Release|ARM
		{717062A0-8253-43F7-80DB-2B5B4BB52543}.AppStore|iPhone.ActiveCfg = Release|x86
		{717062A0-8253-43F7-80DB-2B5B4BB52543}.AppStore|iPhone.Build.0 = Release|x86
		{717062A0-8253-43F7-80DB-2B5B4BB52543}.AppStore|iPhone.Deploy.0 = Release|x86
		{717062A0-8253-43F7-80DB-2B5B4BB52543}.AppStore|iPhoneSimulator.ActiveCfg = Release|x86
		{717062A0-8253-43F7-80DB-2B5B4BB52543}.AppStore|iPhoneSimulator.Build.0 = Release|x86
		{717062A0-8253-43F7-80DB-2B5B4BB52543}.AppStore|iPhoneSimulator.Deploy.0 = Release|x86
		{717062A0-8253-43F7-80DB-2B5B4BB52543}.AppStore|x64.ActiveCfg = Release|x64
		{717062A0-8253-43F7-80DB-2B5B4BB52543}.AppStore|x64.Build.0 = Release|x64
		{717062A0-8253-43F7-80DB-2B5B4BB52543}.AppStore|x64.Deploy.0 = Release|x64
		{717062A0-8253-43F7-80DB-2B5B4BB52543}.AppStore|x86.ActiveCfg = Release|x86
		{717062A0-8253-43F7-80DB-2B5B4BB52543}.AppStore|x86.Build.0 = Release|x86
		{717062A0-8253-43F7-80DB-2B5B4BB52543}.AppStore|x86.Deploy.0 = Release|x86
		{717062A0-8253-43F7-80DB-2B5B4BB52543}.Debug|Any CPU.ActiveCfg = Debug|x86
		{717062A0-8253-43F7-80DB-2B5B4BB52543}.Debug|ARM.ActiveCfg = Debug|ARM
		{717062A0-8253-43F7-80DB-2B5B4BB52543}.Debug|ARM.Build.0 = Debug|ARM
		{717062A0-8253-43F7-80DB-2B5B4BB52543}.Debug|ARM.Deploy.0 = Debug|ARM
		{717062A0-8253-43F7-80DB-2B5B4BB52543}.Debug|iPhone.ActiveCfg = Debug|x86
		{717062A0-8253-43F7-80DB-2B5B4BB52543}.Debug|iPhoneSimulator.ActiveCfg = Debug|x86
		{717062A0-8253-43F7-80DB-2B5B4BB52543}.Debug|x64.ActiveCfg = Debug|x64
		{717062A0-8253-43F7-80DB-2B5B4BB52543}.Debug|x64.Build.0 = Debug|x64
		{717062A0-8253-43F7-80DB-2B5B4BB52543}.Debug|x64.Deploy.0 = Debug|x64
		{717062A0-8253-43F7-80DB-2B5B4BB52543}.Debug|x86.ActiveCfg = Debug|x86
		{717062A0-8253-43F7-80DB-2B5B4BB52543}.Debug|x86.Build.0 = Debug|x86
		{717062A0-8253-43F7-80DB-2B5B4BB52543}.Debug|x86.Deploy.0 = Debug|x86
		{717062A0-8253-43F7-80DB-2B5B4BB52543}.Release|Any CPU.ActiveCfg = Release|x86
		{717062A0-8253-43F7-80DB-2B5B4BB52543}.Release|ARM.ActiveCfg = Release|ARM
		{717062A0-8253-43F7-80DB-2B5B4BB52543}.Release|ARM.Build.0 = Release|ARM
		{717062A0-8253-43F7-80DB-2B5B4BB52543}.Release|ARM.Deploy.0 = Release|ARM
		{717062A0-8253-43F7-80DB-2B5B4BB52543}.Release|iPhone.ActiveCfg = Release|x86
		{717062A0-8253-43F7-80DB-2B5B4BB52543}.Release|iPhoneSimulator.ActiveCfg = Release|x86
		{717062A0-8253-43F7-80DB-2B5B4BB52543}.Release|x64.ActiveCfg = Release|x64
		{717062A0-8253-43F7-80DB-2B5B4BB52543}.Release|x64.Build.0 = Release|x64
		{717062A0-8253-43F7-80DB-2B5B4BB52543}.Release|x64.Deploy.0 = Release|x64
		{717062A0-8253-43F7-80DB-2B5B4BB52543}.Release|x86.ActiveCfg = Release|x86
		{717062A0-8253-43F7-80DB-2B5B4BB52543}.Release|x86.Build.0 = Release|x86
		{717062A0-8253-43F7-80DB-2B5B4BB52543}.Release|x86.Deploy.0 = Release|x86
		{14EAB002-D599-46EF-9C29-12557554FCFF}.Ad-Hoc|Any CPU.ActiveCfg = Ad-Hoc|iPhone
		{14EAB002-D599-46EF-9C29-12557554FCFF}.Ad-Hoc|ARM.ActiveCfg = Ad-Hoc|iPhone
		{14EAB002-D599-46EF-9C29-12557554FCFF}.Ad-Hoc|iPhone.ActiveCfg = Ad-Hoc|iPhone
		{14EAB002-D599-46EF-9C29-12557554FCFF}.Ad-Hoc|iPhone.Build.0 = Ad-Hoc|iPhone
		{14EAB002-D599-46EF-9C29-12557554FCFF}.Ad-Hoc|iPhoneSimulator.ActiveCfg = Ad-Hoc|iPhoneSimulator
		{14EAB002-D599-46EF-9C29-12557554FCFF}.Ad-Hoc|iPhoneSimulator.Build.0 = Ad-Hoc|iPhoneSimulator
		{14EAB002-D599-46EF-9C29-12557554FCFF}.Ad-Hoc|x64.ActiveCfg = Ad-Hoc|iPhone
		{14EAB002-D599-46EF-9C29-12557554FCFF}.Ad-Hoc|x86.ActiveCfg = Ad-Hoc|iPhone
		{14EAB002-D599-46EF-9C29-12557554FCFF}.AppStore|Any CPU.ActiveCfg = AppStore|iPhone
		{14EAB002-D599-46EF-9C29-12557554FCFF}.AppStore|ARM.ActiveCfg = AppStore|iPhone
		{14EAB002-D599-46EF-9C29-12557554FCFF}.AppStore|iPhone.ActiveCfg = AppStore|iPhone
		{14EAB002-D599-46EF-9C29-12557554FCFF}.AppStore|iPhone.Build.0 = AppStore|iPhone
		{14EAB002-D599-46EF-9C29-12557554FCFF}.AppStore|iPhoneSimulator.ActiveCfg = AppStore|iPhoneSimulator
		{14EAB002-D599-46EF-9C29-12557554FCFF}.AppStore|iPhoneSimulator.Build.0 = AppStore|iPhoneSimulator
		{14EAB002-D599-46EF-9C29-12557554FCFF}.AppStore|x64.ActiveCfg = AppStore|iPhone
		{14EAB002-D599-46EF-9C29-12557554FCFF}.AppStore|x86.ActiveCfg = AppStore|iPhone
		{14EAB002-D599-46EF-9C29-12557554FCFF}.Debug|Any CPU.ActiveCfg = Debug|iPhone
		{14EAB002-D599-46EF-9C29-12557554FCFF}.Debug|ARM.ActiveCfg = Debug|iPhone
		{14EAB002-D599-46EF-9C29-12557554FCFF}.Debug|iPhone.ActiveCfg = Debug|iPhone
		{14EAB002-D599-46EF-9C29-12557554FCFF}.Debug|iPhone.Build.0 = Debug|iPhone
		{14EAB002-D599-46EF-9C29-12557554FCFF}.Debug|iPhoneSimulator.ActiveCfg = Debug|iPhoneSimulator
		{14EAB002-D599-46EF-9C29-12557554FCFF}.Debug|iPhoneSimulator.Build.0 = Debug|iPhoneSimulator
		{14EAB002-D599-46EF-9C29-12557554FCFF}.Debug|x64.ActiveCfg = Debug|iPhone
		{14EAB002-D599-46EF-9C29-12557554FCFF}.Debug|x86.ActiveCfg = Debug|iPhone
		{14EAB002-D599-46EF-9C29-12557554FCFF}.Release|Any CPU.ActiveCfg = Release|iPhone
		{14EAB002-D599-46EF-9C29-12557554FCFF}.Release|ARM.ActiveCfg = Release|iPhone
		{14EAB002-D599-46EF-9C29-12557554FCFF}.Release|iPhone.ActiveCfg = Release|iPhone
		{14EAB002-D599-46EF-9C29-12557554FCFF}.Release|iPhone.Build.0 = Release|iPhone
		{14EAB002-D599-46EF-9C29-12557554FCFF}.Release|iPhoneSimulator.ActiveCfg = Release|iPhoneSimulator
		{14EAB002-D599-46EF-9C29-12557554FCFF}.Release|iPhoneSimulator.Build.0 = Release|iPhoneSimulator
		{14EAB002-D599-46EF-9C29-12557554FCFF}.Release|x64.ActiveCfg = Release|iPhone
		{14EAB002-D599-46EF-9C29-12557554FCFF}.Release|x86.ActiveCfg = Release|iPhone
	EndGlobalSection
	GlobalSection(SolutionProperties) = preSolution
		HideSolutionNode = FALSE
	EndGlobalSection
	GlobalSection(ExtensibilityGlobals) = postSolution
		SolutionGuid = {CE61B1B1-AB80-41B8-A095-D43FC814C6B3}
	EndGlobalSection
EndGlobal
